{
  "name": "machine learning threat",
  "lockfileVersion": 3,
  "requires": true,
  "packages": {
    "": {
      "dependencies": {
        "random-forest": "^0.0.7"
      }
    },
    "node_modules/importance": {
      "version": "0.0.4",
      "resolved": "https://registry.npmjs.org/importance/-/importance-0.0.4.tgz",
      "integrity": "sha512-3zKffSn6BmOpFbP9WX/AVZ++ZzqVDyqhP9/rrYeum0nVh9B2bIgmJkm+E9/MNHTf9eUfXPezZholVr3aTluIzw=="
    },
    "node_modules/random-forest": {
      "version": "0.0.7",
      "resolved": "https://registry.npmjs.org/random-forest/-/random-forest-0.0.7.tgz",
      "integrity": "sha512-fjVxQBZ56/BAZl7kpyWspfPiLdlGHpQltNqpQnPanEdDGdcqOqynu64KyoY3lY4FlkmvBRY9fhR3G9QdYXmJAw==",
      "dependencies": {
        "importance": "0.0.4"
      }
    }
  }
}
